
Microsoft Visual Studio Solution File, Format Version 12.00
# Visual Studio Version 17
VisualStudioVersion = 17.12.35514.174
MinimumVisualStudioVersion = 10.0.40219.1
Project("{FAE04EC0-301F-11D3-BF4B-00C04F79EFBC}") = "01_MainSubjects", "01_MainSubejcts\01_MainSubjects.csproj", "{0F142087-D3DB-49A4-A9F3-6D984FA0166E}"
EndProject
Project("{FAE04EC0-301F-11D3-BF4B-00C04F79EFBC}") = "02_Variables", "02_Variables\02_Variables.csproj", "{660146FA-1DEA-4900-96C3-07826143E5DD}"
EndProject
Project("{FAE04EC0-301F-11D3-BF4B-00C04F79EFBC}") = "03_MakingDecision", "03_MakingDecision\03_MakingDecision.csproj", "{790E23FD-4AA2-4A42-9A5B-A0A09272F966}"
EndProject
Project("{FAE04EC0-301F-11D3-BF4B-00C04F79EFBC}") = "04_Loops", "04_Loops\04_Loops.csproj", "{25683335-FC13-4060-9E33-D594A039B2BF}"
EndProject
Global
	GlobalSection(SolutionConfigurationPlatforms) = preSolution
		Debug|Any CPU = Debug|Any CPU
		Release|Any CPU = Release|Any CPU
	EndGlobalSection
	GlobalSection(ProjectConfigurationPlatforms) = postSolution
		{0F142087-D3DB-49A4-A9F3-6D984FA0166E}.Debug|Any CPU.ActiveCfg = Debug|Any CPU
		{0F142087-D3DB-49A4-A9F3-6D984FA0166E}.Debug|Any CPU.Build.0 = Debug|Any CPU
		{0F142087-D3DB-49A4-A9F3-6D984FA0166E}.Release|Any CPU.ActiveCfg = Release|Any CPU
		{0F142087-D3DB-49A4-A9F3-6D984FA0166E}.Release|Any CPU.Build.0 = Release|Any CPU
		{660146FA-1DEA-4900-96C3-07826143E5DD}.Debug|Any CPU.ActiveCfg = Debug|Any CPU
		{660146FA-1DEA-4900-96C3-07826143E5DD}.Debug|Any CPU.Build.0 = Debug|Any CPU
		{660146FA-1DEA-4900-96C3-07826143E5DD}.Release|Any CPU.ActiveCfg = Release|Any CPU
		{660146FA-1DEA-4900-96C3-07826143E5DD}.Release|Any CPU.Build.0 = Release|Any CPU
		{790E23FD-4AA2-4A42-9A5B-A0A09272F966}.Debug|Any CPU.ActiveCfg = Debug|Any CPU
		{790E23FD-4AA2-4A42-9A5B-A0A09272F966}.Debug|Any CPU.Build.0 = Debug|Any CPU
		{790E23FD-4AA2-4A42-9A5B-A0A09272F966}.Release|Any CPU.ActiveCfg = Release|Any CPU
		{790E23FD-4AA2-4A42-9A5B-A0A09272F966}.Release|Any CPU.Build.0 = Release|Any CPU
		{25683335-FC13-4060-9E33-D594A039B2BF}.Debug|Any CPU.ActiveCfg = Debug|Any CPU
		{25683335-FC13-4060-9E33-D594A039B2BF}.Debug|Any CPU.Build.0 = Debug|Any CPU
		{25683335-FC13-4060-9E33-D594A039B2BF}.Release|Any CPU.ActiveCfg = Release|Any CPU
		{25683335-FC13-4060-9E33-D594A039B2BF}.Release|Any CPU.Build.0 = Release|Any CPU
	EndGlobalSection
	GlobalSection(SolutionProperties) = preSolution
		HideSolutionNode = FALSE
	EndGlobalSection
EndGlobal
